
Microsoft Visual Studio Solution File, Format Version 12.00
# Visual Studio Version 17
VisualStudioVersion = 17.14.37516.0 d17.14
MinimumVisualStudioVersion = 10.0.40219.1
Project("{FAE04EC0-301F-11D3-BF4B-00C04F79EFBC}") = "AnalizadorLexicoCSharp", "AnalizadorLexicoCSharp.csproj", "{B84E530C-8502-41D7-822C-41E6199EF840}"
EndProject
Global
	GlobalSection(SolutionConfigurationPlatforms) = preSolution
		Debug|Any CPU = Debug|Any CPU
		Release|Any CPU = Release|Any CPU
	EndGlobalSection
	GlobalSection(ProjectConfigurationPlatforms) = postSolution
		{B84E530C-8502-41D7-822C-41E6199EF840}.Debug|Any CPU.ActiveCfg = Debug|Any CPU
		{B84E530C-8502-41D7-822C-41E6199EF840}.Debug|Any CPU.Build.0 = Debug|Any CPU
		{B84E530C-8502-41D7-822C-41E6199EF840}.Release|Any CPU.ActiveCfg = Release|Any CPU
		{B84E530C-8502-41D7-822C-41E6199EF840}.Release|Any CPU.Build.0 = Release|Any CPU
	EndGlobalSection
	GlobalSection(SolutionProperties) = preSolution
		HideSolutionNode = FALSE
	EndGlobalSection
	GlobalSection(ExtensibilityGlobals) = postSolution
		SolutionGuid = {CB9581F8-F93D-4A35-B964-94B23A52694C}
	EndGlobalSection
EndGlobal
